
Microsoft Visual Studio Solution File, Format Version 12.00
# Visual Studio Version 17
VisualStudioVersion = 17.2.32519.379
MinimumVisualStudioVersion = 10.0.40219.1
Project("{FAE04EC0-301F-11D3-BF4B-00C04F79EFBC}") = "StatelessToMermaid", "StatelessToMermaid\StatelessToMermaid.csproj", "{B33CC1F3-4354-429E-9CAD-9CAF6C59C030}"
EndProject
Global
	GlobalSection(SolutionConfigurationPlatforms) = preSolution
		Debug|Any CPU = Debug|Any CPU
		Release|Any CPU = Release|Any CPU
	EndGlobalSection
	GlobalSection(ProjectConfigurationPlatforms) = postSolution
		{B33CC1F3-4354-429E-9CAD-9CAF6C59C030}.Debug|Any CPU.ActiveCfg = Debug|Any CPU
		{B33CC1F3-4354-429E-9CAD-9CAF6C59C030}.Debug|Any CPU.Build.0 = Debug|Any CPU
		{B33CC1F3-4354-429E-9CAD-9CAF6C59C030}.Release|Any CPU.ActiveCfg = Release|Any CPU
		{B33CC1F3-4354-429E-9CAD-9CAF6C59C030}.Release|Any CPU.Build.0 = Release|Any CPU
	EndGlobalSection
	GlobalSection(SolutionProperties) = preSolution
		HideSolutionNode = FALSE
	EndGlobalSection
	GlobalSection(ExtensibilityGlobals) = postSolution
		SolutionGuid = {9EE63ED9-FFD0-480A-AD77-99FEC622B2A1}
	EndGlobalSection
EndGlobal
